github.com/andybalholm/brotli v1.0.1-0.20200606211321-ef7a42160d61 h1:u6cWuuyq3m6/6caK5jwrOj5jkYoubOs09kTj3I0V+T0=
github.com/andybalholm/brotli v1.0.1-0.20200606211321-ef7a42160d61/go.mod h1:loMXtMfwqflxFJPmdbJO0a3KNoPuLBgiu3qAvBg8x/Y=
github.com/fatih/set v0.2.1 h1:nn2CaJyknWE/6txyUDGwysr3G5QC6xWB/PtVjPBbeaA=
github.com/fatih/set v0.2.1/go.mod h1:+RKtMCH+favT2+3YecHGxcc0b4KyVWA1QWWJUs4E0CI=
github.com/klauspost/compress v1.10.8 h1:eLeJ3dr/Y9+XRfJT4l+8ZjmtB5RPJhucH2HeCV5+IZY=
github.com/klauspost/compress v1.10.8/go.mod h1:aoV0uJVorq1K+umq18yTdKaF57EivdYsUV+/s2qKfXs=
github.com/scylladb/go-set v1.0.2 h1:SkvlMCKhP0wyyct6j+0IHJkBkSZL+TDzZ4E7f7BCcRE=
github.com/scylladb/go-set v1.0.2/go.mod h1:DkpGd78rljTxKAnTDPFqXSGxvETQnJyuSOQwsHycqfs=
